
Microsoft Visual Studio Solution File, Format Version 12.00
# Visual Studio Version 16
VisualStudioVersion = 16.0.31410.357
MinimumVisualStudioVersion = 10.0.40219.1
Project("{9A19103F-16F7-4668-BE54-9A1E7A4F7556}") = "PrismDemo", "PrismDemo\PrismDemo.csproj", "{0301399D-90CE-4BDF-AEC0-7176778E6CEA}"
EndProject
Project("{FAE04EC0-301F-11D3-BF4B-00C04F79EFBC}") = "ModuleA", "ModuleA\ModuleA.csproj", "{187C6F08-6D74-44A3-81C9-C80D022FFEC1}"
EndProject
Global
	GlobalSection(SolutionConfigurationPlatforms) = preSolution
		Debug|Any CPU = Debug|Any CPU
		Release|Any CPU = Release|Any CPU
	EndGlobalSection
	GlobalSection(ProjectConfigurationPlatforms) = postSolution
		{0301399D-90CE-4BDF-AEC0-7176778E6CEA}.Debug|Any CPU.ActiveCfg = Debug|Any CPU
		{0301399D-90CE-4BDF-AEC0-7176778E6CEA}.Debug|Any CPU.Build.0 = Debug|Any CPU
		{0301399D-90CE-4BDF-AEC0-7176778E6CEA}.Release|Any CPU.ActiveCfg = Release|Any CPU
		{0301399D-90CE-4BDF-AEC0-7176778E6CEA}.Release|Any CPU.Build.0 = Release|Any CPU
		{187C6F08-6D74-44A3-81C9-C80D022FFEC1}.Debug|Any CPU.ActiveCfg = Debug|Any CPU
		{187C6F08-6D74-44A3-81C9-C80D022FFEC1}.Debug|Any CPU.Build.0 = Debug|Any CPU
		{187C6F08-6D74-44A3-81C9-C80D022FFEC1}.Release|Any CPU.ActiveCfg = Release|Any CPU
		{187C6F08-6D74-44A3-81C9-C80D022FFEC1}.Release|Any CPU.Build.0 = Release|Any CPU
	EndGlobalSection
	GlobalSection(SolutionProperties) = preSolution
		HideSolutionNode = FALSE
	EndGlobalSection
	GlobalSection(ExtensibilityGlobals) = postSolution
		SolutionGuid = {B7463933-C263-4544-92EB-99F737AE5F40}
	EndGlobalSection
EndGlobal
